// !$*UTF8*$!
{
	archiveVersion = 1;
	classes = {
	};
	objectVersion = 77;
	objects = {

/* Begin PBXBuildFile section */
		026624C52EEA39FA00640CA3 /* HomeTabView.swift in Sources */ = {isa = PBXBuildFile; fileRef = 026624C42EEA39F300640CA3 /* HomeTabView.swift */; };
		026624C82EEA3A3100640CA3 /* GenerateTabView.swift in Sources */ = {isa = PBXBuildFile; fileRef = 026624C72EEA3A2B00640CA3 /* GenerateTabView.swift */; };
		026624EC2EEB45EA00640CA3 /* UnpopulatedHomeView.swift in Sources */ = {isa = PBXBuildFile; fileRef = 026624EB2EEB45D800640CA3 /* UnpopulatedHomeView.swift */; };
		026624EE2EEB474700640CA3 /* PopulatedHomeView.swift in Sources */ = {isa = PBXBuildFile; fileRef = 026624ED2EEB46BA00640CA3 /* PopulatedHomeView.swift */; };
		026624F02EEB47A000640CA3 /* PodcastCardView.swift in Sources */ = {isa = PBXBuildFile; fileRef = 026624EF2EEB479600640CA3 /* PodcastCardView.swift */; };
		026624F42EEB4B0F00640CA3 /* FileListView.swift in Sources */ = {isa = PBXBuildFile; fileRef = 026624F32EEB4B0A00640CA3 /* FileListView.swift */; };
		026624F62EEB7F7200640CA3 /* GenerateButton.swift in Sources */ = {isa = PBXBuildFile; fileRef = 026624F52EEB7F6900640CA3 /* GenerateButton.swift */; };
		026624F82EEB7FCC00640CA3 /* LoadingOverlay.swift in Sources */ = {isa = PBXBuildFile; fileRef = 026624F72EEB7FC700640CA3 /* LoadingOverlay.swift */; };
		026624FC2EEB803000640CA3 /* PodcastPlayerView.swift in Sources */ = {isa = PBXBuildFile; fileRef = 026624FB2EEB802A00640CA3 /* PodcastPlayerView.swift */; };
		026624FE2EEB806F00640CA3 /* CustomNavBar.swift in Sources */ = {isa = PBXBuildFile; fileRef = 026624FD2EEB806800640CA3 /* CustomNavBar.swift */; };
		026625002EEB80DA00640CA3 /* ProgressBarView.swift in Sources */ = {isa = PBXBuildFile; fileRef = 026624FF2EEB80D500640CA3 /* ProgressBarView.swift */; };
		026625022EEB810100640CA3 /* PlaybackControlsView.swift in Sources */ = {isa = PBXBuildFile; fileRef = 026625012EEB80FB00640CA3 /* PlaybackControlsView.swift */; };
		026625042EEB820A00640CA3 /* AskAISection.swift in Sources */ = {isa = PBXBuildFile; fileRef = 026625032EEB820400640CA3 /* AskAISection.swift */; };
		02975E4F2EF0B8DB00843580 /* ButtonStyles.swift in Sources */ = {isa = PBXBuildFile; fileRef = 02975E4A2EF0B8DB00843580 /* ButtonStyles.swift */; };
		02975E502EF0B8DB00843580 /* DocumentCard.swift in Sources */ = {isa = PBXBuildFile; fileRef = 02975E4B2EF0B8DB00843580 /* DocumentCard.swift */; };
		02975E512EF0B8DB00843580 /* LoadingView.swift in Sources */ = {isa = PBXBuildFile; fileRef = 02975E4D2EF0B8DB00843580 /* LoadingView.swift */; };
		02975E522EF0B8DB00843580 /* PodcastCard.swift in Sources */ = {isa = PBXBuildFile; fileRef = 02975E4E2EF0B8DB00843580 /* PodcastCard.swift */; };
		02975E532EF0B8DB00843580 /* EmptyStateView.swift in Sources */ = {isa = PBXBuildFile; fileRef = 02975E4C2EF0B8DB00843580 /* EmptyStateView.swift */; };
		02975E552EF0B8FB00843580 /* DesignSystem.swift in Sources */ = {isa = PBXBuildFile; fileRef = 02975E542EF0B8FB00843580 /* DesignSystem.swift */; };
		029C772B2EE8D1AD007E9335 /* DocumentTabView.swift in Sources */ = {isa = PBXBuildFile; fileRef = 029C772A2EE8D1A0007E9335 /* DocumentTabView.swift */; };
		029C772D2EE8D1BB007E9335 /* DocumentListView.swift in Sources */ = {isa = PBXBuildFile; fileRef = 029C772C2EE8D1B1007E9335 /* DocumentListView.swift */; };
		029C772F2EE8D1E0007E9335 /* PodcastTabView.swift in Sources */ = {isa = PBXBuildFile; fileRef = 029C772E2EE8D1D8007E9335 /* PodcastTabView.swift */; };
		029C77312EE8D1ED007E9335 /* PodcastListView.swift in Sources */ = {isa = PBXBuildFile; fileRef = 029C77302EE8D1E6007E9335 /* PodcastListView.swift */; };
		029C77332EE8D204007E9335 /* LibraryTabView.swift in Sources */ = {isa = PBXBuildFile; fileRef = 029C77322EE8D1FC007E9335 /* LibraryTabView.swift */; };
		029C77352EE8D2D4007E9335 /* MainTabView.swift in Sources */ = {isa = PBXBuildFile; fileRef = 029C77342EE8D2D2007E9335 /* MainTabView.swift */; };
		02BB28DD2EE21BC5004CA6CC /* Constants.swift in Sources */ = {isa = PBXBuildFile; fileRef = C590EEAC2EC81D37007D62CC /* Constants.swift */; };
		02BB290A2EE88897004CA6CC /* TestAPIView.swift in Sources */ = {isa = PBXBuildFile; fileRef = 02BB29092EE887CE004CA6CC /* TestAPIView.swift */; };
		02BB29222EE889B7004CA6CC /* APIService.swift in Sources */ = {isa = PBXBuildFile; fileRef = 02E8BBB62EE20569006B99D4 /* APIService.swift */; };
		02E8BBAC2EE20210006B99D4 /* Assets.xcassets in Resources */ = {isa = PBXBuildFile; fileRef = 02E8BBAB2EE20210006B99D4 /* Assets.xcassets */; };
		02E8BBAD2EE20210006B99D4 /* AIPodcastApp.swift in Sources */ = {isa = PBXBuildFile; fileRef = 02E8BBAA2EE20210006B99D4 /* AIPodcastApp.swift */; };
		02E8BBBE2EE209B1006B99D4 /* Alamofire in Frameworks */ = {isa = PBXBuildFile; productRef = 02E8BBBD2EE209B1006B99D4 /* Alamofire */; };
		02E8BBC22EE20B4D006B99D4 /* TestView.swift in Sources */ = {isa = PBXBuildFile; fileRef = 02E8BBC12EE20B4A006B99D4 /* TestView.swift */; };
		63C3F2A22EF629F400B856D7 /* CardButtonStyle.swift in Sources */ = {isa = PBXBuildFile; fileRef = 63C3F2A12EF629F400B856D7 /* CardButtonStyle.swift */; };
		63C3F2E42F09FA9B00B856D7 /* AddFileEmptyState.swift in Sources */ = {isa = PBXBuildFile; fileRef = 63C3F2E32F09FA9200B856D7 /* AddFileEmptyState.swift */; };
		63C3F2E62F09FAF100B856D7 /* AddFileBox.swift in Sources */ = {isa = PBXBuildFile; fileRef = 63C3F2E52F09FAED00B856D7 /* AddFileBox.swift */; };
		C590EEA52EC81B9E007D62CC /* ContentView.swift in Sources */ = {isa = PBXBuildFile; fileRef = C590EEA22EC81B9E007D62CC /* ContentView.swift */; };
/* End PBXBuildFile section */

/* Begin PBXContainerItemProxy section */
		024E6FD32EDA363D00D0D3DE /* PBXContainerItemProxy */ = {
			isa = PBXContainerItemProxy;
			containerPortal = C590EE8A2EC81A11007D62CC /* Project object */;
			proxyType = 1;
			remoteGlobalIDString = C590EE912EC81A11007D62CC;
			remoteInfo = AIPodcast;
		};
/* End PBXContainerItemProxy section */

/* Begin PBXFileReference section */
		024E6FCF2EDA363D00D0D3DE /* AIPodcastTests.xctest */ = {isa = PBXFileReference; explicitFileType = wrapper.cfbundle; includeInIndex = 0; path = AIPodcastTests.xctest; sourceTree = BUILT_PRODUCTS_DIR; };
		026624C42EEA39F300640CA3 /* HomeTabView.swift */ = {isa = PBXFileReference; lastKnownFileType = sourcecode.swift; path = HomeTabView.swift; sourceTree = "<group>"; };
		026624C72EEA3A2B00640CA3 /* GenerateTabView.swift */ = {isa = PBXFileReference; lastKnownFileType = sourcecode.swift; path = GenerateTabView.swift; sourceTree = "<group>"; };
		026624EB2EEB45D800640CA3 /* UnpopulatedHomeView.swift */ = {isa = PBXFileReference; lastKnownFileType = sourcecode.swift; path = UnpopulatedHomeView.swift; sourceTree = "<group>"; };
		026624ED2EEB46BA00640CA3 /* PopulatedHomeView.swift */ = {isa = PBXFileReference; lastKnownFileType = sourcecode.swift; path = PopulatedHomeView.swift; sourceTree = "<group>"; };
		026624EF2EEB479600640CA3 /* PodcastCardView.swift */ = {isa = PBXFileReference; lastKnownFileType = sourcecode.swift; path = PodcastCardView.swift; sourceTree = "<group>"; };
		026624F32EEB4B0A00640CA3 /* FileListView.swift */ = {isa = PBXFileReference; lastKnownFileType = sourcecode.swift; path = FileListView.swift; sourceTree = "<group>"; };
		026624F52EEB7F6900640CA3 /* GenerateButton.swift */ = {isa = PBXFileReference; lastKnownFileType = sourcecode.swift; path = GenerateButton.swift; sourceTree = "<group>"; };
		026624F72EEB7FC700640CA3 /* LoadingOverlay.swift */ = {isa = PBXFileReference; lastKnownFileType = sourcecode.swift; path = LoadingOverlay.swift; sourceTree = "<group>"; };
		026624FB2EEB802A00640CA3 /* PodcastPlayerView.swift */ = {isa = PBXFileReference; lastKnownFileType = sourcecode.swift; path = PodcastPlayerView.swift; sourceTree = "<group>"; };
		026624FD2EEB806800640CA3 /* CustomNavBar.swift */ = {isa = PBXFileReference; lastKnownFileType = sourcecode.swift; path = CustomNavBar.swift; sourceTree = "<group>"; };
		026624FF2EEB80D500640CA3 /* ProgressBarView.swift */ = {isa = PBXFileReference; lastKnownFileType = sourcecode.swift; path = ProgressBarView.swift; sourceTree = "<group>"; };
		026625012EEB80FB00640CA3 /* PlaybackControlsView.swift */ = {isa = PBXFileReference; lastKnownFileType = sourcecode.swift; path = PlaybackControlsView.swift; sourceTree = "<group>"; };
		026625032EEB820400640CA3 /* AskAISection.swift */ = {isa = PBXFileReference; lastKnownFileType = sourcecode.swift; path = AskAISection.swift; sourceTree = "<group>"; };
		02975E4A2EF0B8DB00843580 /* ButtonStyles.swift */ = {isa = PBXFileReference; lastKnownFileType = sourcecode.swift; path = ButtonStyles.swift; sourceTree = "<group>"; };
		02975E4B2EF0B8DB00843580 /* DocumentCard.swift */ = {isa = PBXFileReference; lastKnownFileType = sourcecode.swift; path = DocumentCard.swift; sourceTree = "<group>"; };
		02975E4C2EF0B8DB00843580 /* EmptyStateView.swift */ = {isa = PBXFileReference; lastKnownFileType = sourcecode.swift; path = EmptyStateView.swift; sourceTree = "<group>"; };
		02975E4D2EF0B8DB00843580 /* LoadingView.swift */ = {isa = PBXFileReference; lastKnownFileType = sourcecode.swift; path = LoadingView.swift; sourceTree = "<group>"; };
		02975E4E2EF0B8DB00843580 /* PodcastCard.swift */ = {isa = PBXFileReference; lastKnownFileType = sourcecode.swift; path = PodcastCard.swift; sourceTree = "<group>"; };
		02975E542EF0B8FB00843580 /* DesignSystem.swift */ = {isa = PBXFileReference; lastKnownFileType = sourcecode.swift; path = DesignSystem.swift; sourceTree = "<group>"; };
		029C772A2EE8D1A0007E9335 /* DocumentTabView.swift */ = {isa = PBXFileReference; lastKnownFileType = sourcecode.swift; path = DocumentTabView.swift; sourceTree = "<group>"; };
		029C772C2EE8D1B1007E9335 /* DocumentListView.swift */ = {isa = PBXFileReference; lastKnownFileType = sourcecode.swift; path = DocumentListView.swift; sourceTree = "<group>"; };
		029C772E2EE8D1D8007E9335 /* PodcastTabView.swift */ = {isa = PBXFileReference; lastKnownFileType = sourcecode.swift; path = PodcastTabView.swift; sourceTree = "<group>"; };
		029C77302EE8D1E6007E9335 /* PodcastListView.swift */ = {isa = PBXFileReference; lastKnownFileType = sourcecode.swift; path = PodcastListView.swift; sourceTree = "<group>"; };
		029C77322EE8D1FC007E9335 /* LibraryTabView.swift */ = {isa = PBXFileReference; lastKnownFileType = sourcecode.swift; path = LibraryTabView.swift; sourceTree = "<group>"; };
		029C77342EE8D2D2007E9335 /* MainTabView.swift */ = {isa = PBXFileReference; lastKnownFileType = sourcecode.swift; path = MainTabView.swift; sourceTree = "<group>"; };
		02BB29092EE887CE004CA6CC /* TestAPIView.swift */ = {isa = PBXFileReference; lastKnownFileType = sourcecode.swift; path = TestAPIView.swift; sourceTree = "<group>"; };
		02E8BBAA2EE20210006B99D4 /* AIPodcastApp.swift */ = {isa = PBXFileReference; lastKnownFileType = sourcecode.swift; path = AIPodcastApp.swift; sourceTree = "<group>"; };
		02E8BBAB2EE20210006B99D4 /* Assets.xcassets */ = {isa = PBXFileReference; lastKnownFileType = folder.assetcatalog; path = Assets.xcassets; sourceTree = "<group>"; };
		02E8BBB62EE20569006B99D4 /* APIService.swift */ = {isa = PBXFileReference; lastKnownFileType = sourcecode.swift; path = APIService.swift; sourceTree = "<group>"; };
		02E8BBB72EE2057B006B99D4 /* AudioPlayerService.swift */ = {isa = PBXFileReference; lastKnownFileType = sourcecode.swift; path = AudioPlayerService.swift; sourceTree = "<group>"; };
		02E8BBB82EE205CF006B99D4 /* Extensions.swift */ = {isa = PBXFileReference; lastKnownFileType = sourcecode.swift; path = Extensions.swift; sourceTree = "<group>"; };
		02E8BBC12EE20B4A006B99D4 /* TestView.swift */ = {isa = PBXFileReference; lastKnownFileType = sourcecode.swift; path = TestView.swift; sourceTree = "<group>"; };
		63C3F2A12EF629F400B856D7 /* CardButtonStyle.swift */ = {isa = PBXFileReference; lastKnownFileType = sourcecode.swift; path = CardButtonStyle.swift; sourceTree = "<group>"; };
		63C3F2E32F09FA9200B856D7 /* AddFileEmptyState.swift */ = {isa = PBXFileReference; lastKnownFileType = sourcecode.swift; path = AddFileEmptyState.swift; sourceTree = "<group>"; };
		63C3F2E52F09FAED00B856D7 /* AddFileBox.swift */ = {isa = PBXFileReference; lastKnownFileType = sourcecode.swift; path = AddFileBox.swift; sourceTree = "<group>"; };
		C590EE922EC81A11007D62CC /* AIPodcast.app */ = {isa = PBXFileReference; explicitFileType = wrapper.application; includeInIndex = 0; path = AIPodcast.app; sourceTree = BUILT_PRODUCTS_DIR; };
		C590EEA22EC81B9E007D62CC /* ContentView.swift */ = {isa = PBXFileReference; lastKnownFileType = sourcecode.swift; path = ContentView.swift; sourceTree = "<group>"; };
		C590EEAC2EC81D37007D62CC /* Constants.swift */ = {isa = PBXFileReference; lastKnownFileType = sourcecode.swift; path = Constants.swift; sourceTree = "<group>"; };
/* End PBXFileReference section */

/* Begin PBXFileSystemSynchronizedBuildFileExceptionSet section */
		381E89C82F0C422E007A2434 /* Exceptions for "ViewModels" folder in "AIPodcast" target */ = {
			isa = PBXFileSystemSynchronizedBuildFileExceptionSet;
			membershipExceptions = (
				AppState.swift,
				GenerateViewModel.swift,
				PodcastPlayerViewModel.swift,
			);
			target = C590EE912EC81A11007D62CC /* AIPodcast */;
		};
		381E89C92F0C422E007A2434 /* Exceptions for "ViewModels" folder in "AIPodcastTests" target */ = {
			isa = PBXFileSystemSynchronizedBuildFileExceptionSet;
			membershipExceptions = (
				AppState.swift,
				GenerateViewModel.swift,
				PodcastPlayerViewModel.swift,
			);
			target = 024E6FCE2EDA363D00D0D3DE /* AIPodcastTests */;
		};
/* End PBXFileSystemSynchronizedBuildFileExceptionSet section */

/* Begin PBXFileSystemSynchronizedRootGroup section */
		024E6FD02EDA363D00D0D3DE /* AIPodcastTests */ = {
			isa = PBXFileSystemSynchronizedRootGroup;
			path = AIPodcastTests;
			sourceTree = "<group>";
		};
		026624E22EEB416600640CA3 /* ViewModels */ = {
			isa = PBXFileSystemSynchronizedRootGroup;
			exceptions = (
				381E89C82F0C422E007A2434 /* Exceptions for "ViewModels" folder in "AIPodcast" target */,
				381E89C92F0C422E007A2434 /* Exceptions for "ViewModels" folder in "AIPodcastTests" target */,
			);
			path = ViewModels;
			sourceTree = "<group>";
		};
		02E8BB822EE1FA27006B99D4 /* Models */ = {
			isa = PBXFileSystemSynchronizedRootGroup;
			path = Models;
			sourceTree = "<group>";
		};
/* End PBXFileSystemSynchronizedRootGroup section */

/* Begin PBXFrameworksBuildPhase section */
		024E6FCC2EDA363D00D0D3DE /* Frameworks */ = {
			isa = PBXFrameworksBuildPhase;
			buildActionMask = 2147483647;
			files = (
			);
			runOnlyForDeploymentPostprocessing = 0;
		};
		C590EE8F2EC81A11007D62CC /* Frameworks */ = {
			isa = PBXFrameworksBuildPhase;
			buildActionMask = 2147483647;
			files = (
				02E8BBBE2EE209B1006B99D4 /* Alamofire in Frameworks */,
			);
			runOnlyForDeploymentPostprocessing = 0;
		};
/* End PBXFrameworksBuildPhase section */

/* Begin PBXGroup section */
		026624C32EEA39DD00640CA3 /* Home */ = {
			isa = PBXGroup;
			children = (
				026624ED2EEB46BA00640CA3 /* PopulatedHomeView.swift */,
				026624EB2EEB45D800640CA3 /* UnpopulatedHomeView.swift */,
				026624C42EEA39F300640CA3 /* HomeTabView.swift */,
			);
			path = Home;
			sourceTree = "<group>";
		};
		026624C62EEA3A1B00640CA3 /* Generate */ = {
			isa = PBXGroup;
			children = (
				026624C72EEA3A2B00640CA3 /* GenerateTabView.swift */,
				63C3F2E32F09FA9200B856D7 /* AddFileEmptyState.swift */,
				63C3F2E52F09FAED00B856D7 /* AddFileBox.swift */,
				026624F32EEB4B0A00640CA3 /* FileListView.swift */,
				026624F72EEB7FC700640CA3 /* LoadingOverlay.swift */,
				026624F52EEB7F6900640CA3 /* GenerateButton.swift */,
			);
			path = Generate;
			sourceTree = "<group>";
		};
		026624E92EEB41FE00640CA3 /* Player */ = {
			isa = PBXGroup;
			children = (
				026625032EEB820400640CA3 /* AskAISection.swift */,
				026625012EEB80FB00640CA3 /* PlaybackControlsView.swift */,
				026624FF2EEB80D500640CA3 /* ProgressBarView.swift */,
				026624FD2EEB806800640CA3 /* CustomNavBar.swift */,
				026624FB2EEB802A00640CA3 /* PodcastPlayerView.swift */,
			);
			path = Player;
			sourceTree = "<group>";
		};
		026624EA2EEB421000640CA3 /* Shared */ = {
			isa = PBXGroup;
			children = (
				02975E4A2EF0B8DB00843580 /* ButtonStyles.swift */,
				02975E4B2EF0B8DB00843580 /* DocumentCard.swift */,
				02975E4C2EF0B8DB00843580 /* EmptyStateView.swift */,
				02975E4D2EF0B8DB00843580 /* LoadingView.swift */,
				02975E4E2EF0B8DB00843580 /* PodcastCard.swift */,
				026624EF2EEB479600640CA3 /* PodcastCardView.swift */,
				63C3F2A12EF629F400B856D7 /* CardButtonStyle.swift */,
			);
			path = Shared;
			sourceTree = "<group>";
		};
		02E8BBB22EE203A6006B99D4 /* Documents */ = {
			isa = PBXGroup;
			children = (
				029C772C2EE8D1B1007E9335 /* DocumentListView.swift */,
				029C772A2EE8D1A0007E9335 /* DocumentTabView.swift */,
			);
			path = Documents;
			sourceTree = "<group>";
		};
		02E8BBB32EE203B5006B99D4 /* Podcasts */ = {
			isa = PBXGroup;
			children = (
				029C77302EE8D1E6007E9335 /* PodcastListView.swift */,
				029C772E2EE8D1D8007E9335 /* PodcastTabView.swift */,
			);
			path = Podcasts;
			sourceTree = "<group>";
		};
		02E8BBB42EE203C1006B99D4 /* Library */ = {
			isa = PBXGroup;
			children = (
				029C77322EE8D1FC007E9335 /* LibraryTabView.swift */,
			);
			path = Library;
			sourceTree = "<group>";
		};
		02E8BBB52EE2054C006B99D4 /* Services */ = {
			isa = PBXGroup;
			children = (
				02E8BBB72EE2057B006B99D4 /* AudioPlayerService.swift */,
				02E8BBB62EE20569006B99D4 /* APIService.swift */,
			);
			path = Services;
			sourceTree = "<group>";
		};
		02E8BBB92EE205F1006B99D4 /* Resources */ = {
			isa = PBXGroup;
			children = (
				02E8BBAB2EE20210006B99D4 /* Assets.xcassets */,
			);
			path = Resources;
			sourceTree = "<group>";
		};
		C590EE892EC81A11007D62CC = {
			isa = PBXGroup;
			children = (
				02E8BBAA2EE20210006B99D4 /* AIPodcastApp.swift */,
				02E8BBB92EE205F1006B99D4 /* Resources */,
				02E8BBB52EE2054C006B99D4 /* Services */,
				02E8BB822EE1FA27006B99D4 /* Models */,
				C590EEAA2EC81BE0007D62CC /* Utilities */,
				C590EEA62EC81BBC007D62CC /* Views */,
				026624E22EEB416600640CA3 /* ViewModels */,
				024E6FD02EDA363D00D0D3DE /* AIPodcastTests */,
				C590EE932EC81A11007D62CC /* Products */,
			);
			sourceTree = "<group>";
		};
		C590EE932EC81A11007D62CC /* Products */ = {
			isa = PBXGroup;
			children = (
				C590EE922EC81A11007D62CC /* AIPodcast.app */,
				024E6FCF2EDA363D00D0D3DE /* AIPodcastTests.xctest */,
			);
			name = Products;
			sourceTree = "<group>";
		};
		C590EEA62EC81BBC007D62CC /* Views */ = {
			isa = PBXGroup;
			children = (
				026624EA2EEB421000640CA3 /* Shared */,
				026624E92EEB41FE00640CA3 /* Player */,
				026624C62EEA3A1B00640CA3 /* Generate */,
				026624C32EEA39DD00640CA3 /* Home */,
				029C77342EE8D2D2007E9335 /* MainTabView.swift */,
				02BB29092EE887CE004CA6CC /* TestAPIView.swift */,
				02E8BBC12EE20B4A006B99D4 /* TestView.swift */,
				02E8BBB22EE203A6006B99D4 /* Documents */,
				02E8BBB32EE203B5006B99D4 /* Podcasts */,
				02E8BBB42EE203C1006B99D4 /* Library */,
				C590EEA22EC81B9E007D62CC /* ContentView.swift */,
			);
			path = Views;
			sourceTree = "<group>";
		};
		C590EEAA2EC81BE0007D62CC /* Utilities */ = {
			isa = PBXGroup;
			children = (
				02975E542EF0B8FB00843580 /* DesignSystem.swift */,
				02E8BBB82EE205CF006B99D4 /* Extensions.swift */,
				C590EEAC2EC81D37007D62CC /* Constants.swift */,
			);
			path = Utilities;
			sourceTree = "<group>";
		};
/* End PBXGroup section */

/* Begin PBXNativeTarget section */
		024E6FCE2EDA363D00D0D3DE /* AIPodcastTests */ = {
			isa = PBXNativeTarget;
			buildConfigurationList = 024E6FD72EDA363D00D0D3DE /* Build configuration list for PBXNativeTarget "AIPodcastTests" */;
			buildPhases = (
				024E6FCB2EDA363D00D0D3DE /* Sources */,
				024E6FCC2EDA363D00D0D3DE /* Frameworks */,
				024E6FCD2EDA363D00D0D3DE /* Resources */,
			);
			buildRules = (
			);
			dependencies = (
				024E6FD42EDA363D00D0D3DE /* PBXTargetDependency */,
			);
			fileSystemSynchronizedGroups = (
				024E6FD02EDA363D00D0D3DE /* AIPodcastTests */,
				026624E22EEB416600640CA3 /* ViewModels */,
			);
			name = AIPodcastTests;
			packageProductDependencies = (
			);
			productName = AIPodcastTests;
			productReference = 024E6FCF2EDA363D00D0D3DE /* AIPodcastTests.xctest */;
			productType = "com.apple.product-type.bundle.unit-test";
		};
		C590EE912EC81A11007D62CC /* AIPodcast */ = {
			isa = PBXNativeTarget;
			buildConfigurationList = C590EE9D2EC81A15007D62CC /* Build configuration list for PBXNativeTarget "AIPodcast" */;
			buildPhases = (
				C590EE8E2EC81A11007D62CC /* Sources */,
				C590EE8F2EC81A11007D62CC /* Frameworks */,
				C590EE902EC81A11007D62CC /* Resources */,
			);
			buildRules = (
			);
			dependencies = (
			);
			fileSystemSynchronizedGroups = (
				02E8BB822EE1FA27006B99D4 /* Models */,
			);
			name = AIPodcast;
			packageProductDependencies = (
				02E8BBBD2EE209B1006B99D4 /* Alamofire */,
			);
			productName = AIPodcast;
			productReference = C590EE922EC81A11007D62CC /* AIPodcast.app */;
			productType = "com.apple.product-type.application";
		};
/* End PBXNativeTarget section */

/* Begin PBXProject section */
		C590EE8A2EC81A11007D62CC /* Project object */ = {
			isa = PBXProject;
			attributes = {
				BuildIndependentTargetsInParallel = 1;
				LastSwiftUpdateCheck = 2610;
				LastUpgradeCheck = 2610;
				TargetAttributes = {
					024E6FCE2EDA363D00D0D3DE = {
						CreatedOnToolsVersion = 26.1.1;
						TestTargetID = C590EE912EC81A11007D62CC;
					};
					C590EE912EC81A11007D62CC = {
						CreatedOnToolsVersion = 26.1;
					};
				};
			};
			buildConfigurationList = C590EE8D2EC81A11007D62CC /* Build configuration list for PBXProject "AIPodcast" */;
			developmentRegion = en;
			hasScannedForEncodings = 0;
			knownRegions = (
				en,
				Base,
			);
			mainGroup = C590EE892EC81A11007D62CC;
			minimizedProjectReferenceProxies = 1;
			packageReferences = (
				02E8BBBC2EE209B1006B99D4 /* XCRemoteSwiftPackageReference "Alamofire" */,
			);
			preferredProjectObjectVersion = 77;
			productRefGroup = C590EE932EC81A11007D62CC /* Products */;
			projectDirPath = "";
			projectRoot = "";
			targets = (
				C590EE912EC81A11007D62CC /* AIPodcast */,
				024E6FCE2EDA363D00D0D3DE /* AIPodcastTests */,
			);
		};
/* End PBXProject section */

/* Begin PBXResourcesBuildPhase section */
		024E6FCD2EDA363D00D0D3DE /* Resources */ = {
			isa = PBXResourcesBuildPhase;
			buildActionMask = 2147483647;
			files = (
			);
			runOnlyForDeploymentPostprocessing = 0;
		};
		C590EE902EC81A11007D62CC /* Resources */ = {
			isa = PBXResourcesBuildPhase;
			buildActionMask = 2147483647;
			files = (
				02E8BBAC2EE20210006B99D4 /* Assets.xcassets in Resources */,
			);
			runOnlyForDeploymentPostprocessing = 0;
		};
/* End PBXResourcesBuildPhase section */

/* Begin PBXSourcesBuildPhase section */
		024E6FCB2EDA363D00D0D3DE /* Sources */ = {
			isa = PBXSourcesBuildPhase;
			buildActionMask = 2147483647;
			files = (
			);
			runOnlyForDeploymentPostprocessing = 0;
		};
		C590EE8E2EC81A11007D62CC /* Sources */ = {
			isa = PBXSourcesBuildPhase;
			buildActionMask = 2147483647;
			files = (
				026624C82EEA3A3100640CA3 /* GenerateTabView.swift in Sources */,
				026624F02EEB47A000640CA3 /* PodcastCardView.swift in Sources */,
				026624F82EEB7FCC00640CA3 /* LoadingOverlay.swift in Sources */,
				026624C52EEA39FA00640CA3 /* HomeTabView.swift in Sources */,
				02BB29222EE889B7004CA6CC /* APIService.swift in Sources */,
				C590EEA52EC81B9E007D62CC /* ContentView.swift in Sources */,
				02E8BBAD2EE20210006B99D4 /* AIPodcastApp.swift in Sources */,
				029C772D2EE8D1BB007E9335 /* DocumentListView.swift in Sources */,
				026624EC2EEB45EA00640CA3 /* UnpopulatedHomeView.swift in Sources */,
				63C3F2A22EF629F400B856D7 /* CardButtonStyle.swift in Sources */,
				026624F62EEB7F7200640CA3 /* GenerateButton.swift in Sources */,
				029C772B2EE8D1AD007E9335 /* DocumentTabView.swift in Sources */,
				029C772F2EE8D1E0007E9335 /* PodcastTabView.swift in Sources */,
				029C77352EE8D2D4007E9335 /* MainTabView.swift in Sources */,
				026625042EEB820A00640CA3 /* AskAISection.swift in Sources */,
				026624EE2EEB474700640CA3 /* PopulatedHomeView.swift in Sources */,
				026624FC2EEB803000640CA3 /* PodcastPlayerView.swift in Sources */,
				026624F42EEB4B0F00640CA3 /* FileListView.swift in Sources */,
				02975E4F2EF0B8DB00843580 /* ButtonStyles.swift in Sources */,
				02975E502EF0B8DB00843580 /* DocumentCard.swift in Sources */,
				63C3F2E42F09FA9B00B856D7 /* AddFileEmptyState.swift in Sources */,
				02975E512EF0B8DB00843580 /* LoadingView.swift in Sources */,
				02975E522EF0B8DB00843580 /* PodcastCard.swift in Sources */,
				02975E532EF0B8DB00843580 /* EmptyStateView.swift in Sources */,
				026624FE2EEB806F00640CA3 /* CustomNavBar.swift in Sources */,
				029C77332EE8D204007E9335 /* LibraryTabView.swift in Sources */,
				029C77312EE8D1ED007E9335 /* PodcastListView.swift in Sources */,
				02E8BBC22EE20B4D006B99D4 /* TestView.swift in Sources */,
				63C3F2E62F09FAF100B856D7 /* AddFileBox.swift in Sources */,
				02BB290A2EE88897004CA6CC /* TestAPIView.swift in Sources */,
				02975E552EF0B8FB00843580 /* DesignSystem.swift in Sources */,
				02BB28DD2EE21BC5004CA6CC /* Constants.swift in Sources */,
				026625002EEB80DA00640CA3 /* ProgressBarView.swift in Sources */,
				026625022EEB810100640CA3 /* PlaybackControlsView.swift in Sources */,
			);
			runOnlyForDeploymentPostprocessing = 0;
		};
/* End PBXSourcesBuildPhase section */

/* Begin PBXTargetDependency section */
		024E6FD42EDA363D00D0D3DE /* PBXTargetDependency */ = {
			isa = PBXTargetDependency;
			target = C590EE912EC81A11007D62CC /* AIPodcast */;
			targetProxy = 024E6FD32EDA363D00D0D3DE /* PBXContainerItemProxy */;
		};
/* End PBXTargetDependency section */

/* Begin XCBuildConfiguration section */
		024E6FD52EDA363D00D0D3DE /* Debug */ = {
			isa = XCBuildConfiguration;
			buildSettings = {
				BUNDLE_LOADER = "$(TEST_HOST)";
				CODE_SIGN_STYLE = Automatic;
				CURRENT_PROJECT_VERSION = 1;
				GENERATE_INFOPLIST_FILE = YES;
				IPHONEOS_DEPLOYMENT_TARGET = 26.0;
				MARKETING_VERSION = 1.0;
				PRODUCT_BUNDLE_IDENTIFIER = com.examplet.AIPodcastTests;
				PRODUCT_NAME = "$(TARGET_NAME)";
				SDKROOT = iphoneos;
				STRING_CATALOG_GENERATE_SYMBOLS = NO;
				SWIFT_APPROACHABLE_CONCURRENCY = YES;
				SWIFT_EMIT_LOC_STRINGS = NO;
				SWIFT_UPCOMING_FEATURE_MEMBER_IMPORT_VISIBILITY = YES;
				SWIFT_VERSION = 5.0;
				TARGETED_DEVICE_FAMILY = "1,2";
				TEST_HOST = "$(BUILT_PRODUCTS_DIR)/AIPodcast.app/$(BUNDLE_EXECUTABLE_FOLDER_PATH)/AIPodcast";
			};
			name = Debug;
		};
		024E6FD62EDA363D00D0D3DE /* Release */ = {
			isa = XCBuildConfiguration;
			buildSettings = {
				BUNDLE_LOADER = "$(TEST_HOST)";
				CODE_SIGN_STYLE = Automatic;
				CURRENT_PROJECT_VERSION = 1;
				GENERATE_INFOPLIST_FILE = YES;
				IPHONEOS_DEPLOYMENT_TARGET = 26.0;
				MARKETING_VERSION = 1.0;
				PRODUCT_BUNDLE_IDENTIFIER = com.examplet.AIPodcastTests;
				PRODUCT_NAME = "$(TARGET_NAME)";
				SDKROOT = iphoneos;
				STRING_CATALOG_GENERATE_SYMBOLS = NO;
				SWIFT_APPROACHABLE_CONCURRENCY = YES;
				SWIFT_EMIT_LOC_STRINGS = NO;
				SWIFT_UPCOMING_FEATURE_MEMBER_IMPORT_VISIBILITY = YES;
				SWIFT_VERSION = 5.0;
				TARGETED_DEVICE_FAMILY = "1,2";
				TEST_HOST = "$(BUILT_PRODUCTS_DIR)/AIPodcast.app/$(BUNDLE_EXECUTABLE_FOLDER_PATH)/AIPodcast";
				VALIDATE_PRODUCT = YES;
			};
			name = Release;
		};
		C590EE9B2EC81A15007D62CC /* Debug */ = {
			isa = XCBuildConfiguration;
			buildSettings = {
				ALWAYS_SEARCH_USER_PATHS = NO;
				ASSETCATALOG_COMPILER_GENERATE_SWIFT_ASSET_SYMBOL_EXTENSIONS = YES;
				CLANG_ANALYZER_NONNULL = YES;
				CLANG_ANALYZER_NUMBER_OBJECT_CONVERSION = YES_AGGRESSIVE;
				CLANG_CXX_LANGUAGE_STANDARD = "gnu++20";
				CLANG_ENABLE_MODULES = YES;
				CLANG_ENABLE_OBJC_ARC = YES;
				CLANG_ENABLE_OBJC_WEAK = YES;
				CLANG_WARN_BLOCK_CAPTURE_AUTORELEASING = YES;
				CLANG_WARN_BOOL_CONVERSION = YES;
				CLANG_WARN_COMMA = YES;
				CLANG_WARN_CONSTANT_CONVERSION = YES;
				CLANG_WARN_DEPRECATED_OBJC_IMPLEMENTATIONS = YES;
				CLANG_WARN_DIRECT_OBJC_ISA_USAGE = YES_ERROR;
				CLANG_WARN_DOCUMENTATION_COMMENTS = YES;
				CLANG_WARN_EMPTY_BODY = YES;
				CLANG_WARN_ENUM_CONVERSION = YES;
				CLANG_WARN_INFINITE_RECURSION = YES;
				CLANG_WARN_INT_CONVERSION = YES;
				CLANG_WARN_NON_LITERAL_NULL_CONVERSION = YES;
				CLANG_WARN_OBJC_IMPLICIT_RETAIN_SELF = YES;
				CLANG_WARN_OBJC_LITERAL_CONVERSION = YES;
				CLANG_WARN_OBJC_ROOT_CLASS = YES_ERROR;
				CLANG_WARN_QUOTED_INCLUDE_IN_FRAMEWORK_HEADER = YES;
				CLANG_WARN_RANGE_LOOP_ANALYSIS = YES;
				CLANG_WARN_STRICT_PROTOTYPES = YES;
				CLANG_WARN_SUSPICIOUS_MOVE = YES;
				CLANG_WARN_UNGUARDED_AVAILABILITY = YES_AGGRESSIVE;
				CLANG_WARN_UNREACHABLE_CODE = YES;
				CLANG_WARN__DUPLICATE_METHOD_MATCH = YES;
				COPY_PHASE_STRIP = NO;
				DEBUG_INFORMATION_FORMAT = dwarf;
				DEVELOPMENT_TEAM = RZU677VZM4;
				ENABLE_STRICT_OBJC_MSGSEND = YES;
				ENABLE_TESTABILITY = YES;
				ENABLE_USER_SCRIPT_SANDBOXING = YES;
				GCC_C_LANGUAGE_STANDARD = gnu17;
				GCC_DYNAMIC_NO_PIC = NO;
				GCC_NO_COMMON_BLOCKS = YES;
				GCC_OPTIMIZATION_LEVEL = 0;
				GCC_PREPROCESSOR_DEFINITIONS = (
					"DEBUG=1",
					"$(inherited)",
				);
				GCC_WARN_64_TO_32_BIT_CONVERSION = YES;
				GCC_WARN_ABOUT_RETURN_TYPE = YES_ERROR;
				GCC_WARN_UNDECLARED_SELECTOR = YES;
				GCC_WARN_UNINITIALIZED_AUTOS = YES_AGGRESSIVE;
				GCC_WARN_UNUSED_FUNCTION = YES;
				GCC_WARN_UNUSED_VARIABLE = YES;
				LOCALIZATION_PREFERS_STRING_CATALOGS = YES;
				MTL_ENABLE_DEBUG_INFO = INCLUDE_SOURCE;
				MTL_FAST_MATH = YES;
				ONLY_ACTIVE_ARCH = YES;
				SWIFT_ACTIVE_COMPILATION_CONDITIONS = "DEBUG $(inherited)";
				SWIFT_OPTIMIZATION_LEVEL = "-Onone";
			};
			name = Debug;
		};
		C590EE9C2EC81A15007D62CC /* Release */ = {
			isa = XCBuildConfiguration;
			buildSettings = {
				ALWAYS_SEARCH_USER_PATHS = NO;
				ASSETCATALOG_COMPILER_GENERATE_SWIFT_ASSET_SYMBOL_EXTENSIONS = YES;
				CLANG_ANALYZER_NONNULL = YES;
				CLANG_ANALYZER_NUMBER_OBJECT_CONVERSION = YES_AGGRESSIVE;
				CLANG_CXX_LANGUAGE_STANDARD = "gnu++20";
				CLANG_ENABLE_MODULES = YES;
				CLANG_ENABLE_OBJC_ARC = YES;
				CLANG_ENABLE_OBJC_WEAK = YES;
				CLANG_WARN_BLOCK_CAPTURE_AUTORELEASING = YES;
				CLANG_WARN_BOOL_CONVERSION = YES;
				CLANG_WARN_COMMA = YES;
				CLANG_WARN_CONSTANT_CONVERSION = YES;
				CLANG_WARN_DEPRECATED_OBJC_IMPLEMENTATIONS = YES;
				CLANG_WARN_DIRECT_OBJC_ISA_USAGE = YES_ERROR;
				CLANG_WARN_DOCUMENTATION_COMMENTS = YES;
				CLANG_WARN_EMPTY_BODY = YES;
				CLANG_WARN_ENUM_CONVERSION = YES;
				CLANG_WARN_INFINITE_RECURSION = YES;
				CLANG_WARN_INT_CONVERSION = YES;
				CLANG_WARN_NON_LITERAL_NULL_CONVERSION = YES;
				CLANG_WARN_OBJC_IMPLICIT_RETAIN_SELF = YES;
				CLANG_WARN_OBJC_LITERAL_CONVERSION = YES;
				CLANG_WARN_OBJC_ROOT_CLASS = YES_ERROR;
				CLANG_WARN_QUOTED_INCLUDE_IN_FRAMEWORK_HEADER = YES;
				CLANG_WARN_RANGE_LOOP_ANALYSIS = YES;
				CLANG_WARN_STRICT_PROTOTYPES = YES;
				CLANG_WARN_SUSPICIOUS_MOVE = YES;
				CLANG_WARN_UNGUARDED_AVAILABILITY = YES_AGGRESSIVE;
				CLANG_WARN_UNREACHABLE_CODE = YES;
				CLANG_WARN__DUPLICATE_METHOD_MATCH = YES;
				COPY_PHASE_STRIP = NO;
				DEBUG_INFORMATION_FORMAT = "dwarf-with-dsym";
				DEVELOPMENT_TEAM = RZU677VZM4;
				ENABLE_NS_ASSERTIONS = NO;
				ENABLE_STRICT_OBJC_MSGSEND = YES;
				ENABLE_USER_SCRIPT_SANDBOXING = YES;
				GCC_C_LANGUAGE_STANDARD = gnu17;
				GCC_NO_COMMON_BLOCKS = YES;
				GCC_WARN_64_TO_32_BIT_CONVERSION = YES;
				GCC_WARN_ABOUT_RETURN_TYPE = YES_ERROR;
				GCC_WARN_UNDECLARED_SELECTOR = YES;
				GCC_WARN_UNINITIALIZED_AUTOS = YES_AGGRESSIVE;
				GCC_WARN_UNUSED_FUNCTION = YES;
				GCC_WARN_UNUSED_VARIABLE = YES;
				LOCALIZATION_PREFERS_STRING_CATALOGS = YES;
				MTL_ENABLE_DEBUG_INFO = NO;
				MTL_FAST_MATH = YES;
				SWIFT_COMPILATION_MODE = wholemodule;
			};
			name = Release;
		};
		C590EE9E2EC81A15007D62CC /* Debug */ = {
			isa = XCBuildConfiguration;
			buildSettings = {
				ASSETCATALOG_COMPILER_APPICON_NAME = AppIcon;
				ASSETCATALOG_COMPILER_GLOBAL_ACCENT_COLOR_NAME = AccentColor;
				CODE_SIGN_STYLE = Automatic;
				CURRENT_PROJECT_VERSION = 1;
				DEVELOPMENT_TEAM = RWYVG7J5TU;
				ENABLE_APP_SANDBOX = YES;
				ENABLE_HARDENED_RUNTIME = YES;
				ENABLE_PREVIEWS = YES;
				ENABLE_USER_SELECTED_FILES = readonly;
				GENERATE_INFOPLIST_FILE = YES;
				INFOPLIST_KEY_NSMicrophoneUsageDescription = "We need microphone access to let you ask questions using your voice.";
				"INFOPLIST_KEY_UIApplicationSceneManifest_Generation[sdk=iphoneos*]" = YES;
				"INFOPLIST_KEY_UIApplicationSceneManifest_Generation[sdk=iphonesimulator*]" = YES;
				"INFOPLIST_KEY_UIApplicationSupportsIndirectInputEvents[sdk=iphoneos*]" = YES;
				"INFOPLIST_KEY_UIApplicationSupportsIndirectInputEvents[sdk=iphonesimulator*]" = YES;
				"INFOPLIST_KEY_UILaunchScreen_Generation[sdk=iphoneos*]" = YES;
				"INFOPLIST_KEY_UILaunchScreen_Generation[sdk=iphonesimulator*]" = YES;
				"INFOPLIST_KEY_UIStatusBarStyle[sdk=iphoneos*]" = UIStatusBarStyleDefault;
				"INFOPLIST_KEY_UIStatusBarStyle[sdk=iphonesimulator*]" = UIStatusBarStyleDefault;
				INFOPLIST_KEY_UISupportedInterfaceOrientations_iPad = "UIInterfaceOrientationPortrait UIInterfaceOrientationPortraitUpsideDown UIInterfaceOrientationLandscapeLeft UIInterfaceOrientationLandscapeRight";
				INFOPLIST_KEY_UISupportedInterfaceOrientations_iPhone = "UIInterfaceOrientationPortrait UIInterfaceOrientationLandscapeLeft UIInterfaceOrientationLandscapeRight";
				IPHONEOS_DEPLOYMENT_TARGET = 26.1;
				LD_RUNPATH_SEARCH_PATHS = "@executable_path/Frameworks";
				"LD_RUNPATH_SEARCH_PATHS[sdk=macosx*]" = "@executable_path/../Frameworks";
				MACOSX_DEPLOYMENT_TARGET = 26.0;
				MARKETING_VERSION = 1.0;
				PRODUCT_BUNDLE_IDENTIFIER = fourthirty.AIPodcast;
				PRODUCT_NAME = "$(TARGET_NAME)";
				REGISTER_APP_GROUPS = YES;
				SDKROOT = auto;
				STRING_CATALOG_GENERATE_SYMBOLS = YES;
				SUPPORTED_PLATFORMS = "iphoneos iphonesimulator macosx xros xrsimulator";
				SWIFT_APPROACHABLE_CONCURRENCY = YES;
				SWIFT_DEFAULT_ACTOR_ISOLATION = MainActor;
				SWIFT_EMIT_LOC_STRINGS = YES;
				SWIFT_UPCOMING_FEATURE_MEMBER_IMPORT_VISIBILITY = YES;
				SWIFT_VERSION = 5.0;
				TARGETED_DEVICE_FAMILY = "1,2,7";
				XROS_DEPLOYMENT_TARGET = 26.1;
			};
			name = Debug;
		};
		C590EE9F2EC81A15007D62CC /* Release */ = {
			isa = XCBuildConfiguration;
			buildSettings = {
				ASSETCATALOG_COMPILER_APPICON_NAME = AppIcon;
				ASSETCATALOG_COMPILER_GLOBAL_ACCENT_COLOR_NAME = AccentColor;
				CODE_SIGN_STYLE = Automatic;
				CURRENT_PROJECT_VERSION = 1;
				DEVELOPMENT_TEAM = RWYVG7J5TU;
				ENABLE_APP_SANDBOX = YES;
				ENABLE_HARDENED_RUNTIME = YES;
				ENABLE_PREVIEWS = YES;
				ENABLE_USER_SELECTED_FILES = readonly;
				GENERATE_INFOPLIST_FILE = YES;
				INFOPLIST_KEY_NSMicrophoneUsageDescription = "We need microphone access to let you ask questions using your voice.";
				"INFOPLIST_KEY_UIApplicationSceneManifest_Generation[sdk=iphoneos*]" = YES;
				"INFOPLIST_KEY_UIApplicationSceneManifest_Generation[sdk=iphonesimulator*]" = YES;
				"INFOPLIST_KEY_UIApplicationSupportsIndirectInputEvents[sdk=iphoneos*]" = YES;
				"INFOPLIST_KEY_UIApplicationSupportsIndirectInputEvents[sdk=iphonesimulator*]" = YES;
				"INFOPLIST_KEY_UILaunchScreen_Generation[sdk=iphoneos*]" = YES;
				"INFOPLIST_KEY_UILaunchScreen_Generation[sdk=iphonesimulator*]" = YES;
				"INFOPLIST_KEY_UIStatusBarStyle[sdk=iphoneos*]" = UIStatusBarStyleDefault;
				"INFOPLIST_KEY_UIStatusBarStyle[sdk=iphonesimulator*]" = UIStatusBarStyleDefault;
				INFOPLIST_KEY_UISupportedInterfaceOrientations_iPad = "UIInterfaceOrientationPortrait UIInterfaceOrientationPortraitUpsideDown UIInterfaceOrientationLandscapeLeft UIInterfaceOrientationLandscapeRight";
				INFOPLIST_KEY_UISupportedInterfaceOrientations_iPhone = "UIInterfaceOrientationPortrait UIInterfaceOrientationLandscapeLeft UIInterfaceOrientationLandscapeRight";
				IPHONEOS_DEPLOYMENT_TARGET = 26.1;
				LD_RUNPATH_SEARCH_PATHS = "@executable_path/Frameworks";
				"LD_RUNPATH_SEARCH_PATHS[sdk=macosx*]" = "@executable_path/../Frameworks";
				MACOSX_DEPLOYMENT_TARGET = 26.0;
				MARKETING_VERSION = 1.0;
				PRODUCT_BUNDLE_IDENTIFIER = fourthirty.AIPodcast;
				PRODUCT_NAME = "$(TARGET_NAME)";
				REGISTER_APP_GROUPS = YES;
				SDKROOT = auto;
				STRING_CATALOG_GENERATE_SYMBOLS = YES;
				SUPPORTED_PLATFORMS = "iphoneos iphonesimulator macosx xros xrsimulator";
				SWIFT_APPROACHABLE_CONCURRENCY = YES;
				SWIFT_DEFAULT_ACTOR_ISOLATION = MainActor;
				SWIFT_EMIT_LOC_STRINGS = YES;
				SWIFT_UPCOMING_FEATURE_MEMBER_IMPORT_VISIBILITY = YES;
				SWIFT_VERSION = 5.0;
				TARGETED_DEVICE_FAMILY = "1,2,7";
				XROS_DEPLOYMENT_TARGET = 26.1;
			};
			name = Release;
		};
/* End XCBuildConfiguration section */

/* Begin XCConfigurationList section */
		024E6FD72EDA363D00D0D3DE /* Build configuration list for PBXNativeTarget "AIPodcastTests" */ = {
			isa = XCConfigurationList;
			buildConfigurations = (
				024E6FD52EDA363D00D0D3DE /* Debug */,
				024E6FD62EDA363D00D0D3DE /* Release */,
			);
			defaultConfigurationIsVisible = 0;
			defaultConfigurationName = Release;
		};
		C590EE8D2EC81A11007D62CC /* Build configuration list for PBXProject "AIPodcast" */ = {
			isa = XCConfigurationList;
			buildConfigurations = (
				C590EE9B2EC81A15007D62CC /* Debug */,
				C590EE9C2EC81A15007D62CC /* Release */,
			);
			defaultConfigurationIsVisible = 0;
			defaultConfigurationName = Release;
		};
		C590EE9D2EC81A15007D62CC /* Build configuration list for PBXNativeTarget "AIPodcast" */ = {
			isa = XCConfigurationList;
			buildConfigurations = (
				C590EE9E2EC81A15007D62CC /* Debug */,
				C590EE9F2EC81A15007D62CC /* Release */,
			);
			defaultConfigurationIsVisible = 0;
			defaultConfigurationName = Release;
		};
/* End XCConfigurationList section */

/* Begin XCRemoteSwiftPackageReference section */
		02E8BBBC2EE209B1006B99D4 /* XCRemoteSwiftPackageReference "Alamofire" */ = {
			isa = XCRemoteSwiftPackageReference;
			repositoryURL = "https://github.com/Alamofire/Alamofire";
			requirement = {
				kind = upToNextMajorVersion;
				minimumVersion = 5.10.2;
			};
		};
/* End XCRemoteSwiftPackageReference section */

/* Begin XCSwiftPackageProductDependency section */
		02E8BBBD2EE209B1006B99D4 /* Alamofire */ = {
			isa = XCSwiftPackageProductDependency;
			package = 02E8BBBC2EE209B1006B99D4 /* XCRemoteSwiftPackageReference "Alamofire" */;
			productName = Alamofire;
		};
/* End XCSwiftPackageProductDependency section */
	};
	rootObject = C590EE8A2EC81A11007D62CC /* Project object */;
}
